<?xml version="1.0" encoding="UTF-8"?>
<!DOCTYPE plist PUBLIC "-//Apple//DTD PLIST 1.0//EN" "http://www.apple.com/DTDs/PropertyList-1.0.dtd">
<plist version="1.0">
<dict>
	<key>archiveVersion</key>
	<string>1</string>
	<key>classes</key>
	<dict/>
	<key>objectVersion</key>
	<string>46</string>
	<key>objects</key>
	<dict>
		<key>1177C53E548E4BBBB3468046</key>
		<dict>
			<key>includeInIndex</key>
			<string>1</string>
			<key>isa</key>
			<string>PBXFileReference</string>
			<key>lastKnownFileType</key>
			<string>text.xcconfig</string>
			<key>name</key>
			<string>Pods-anyMesh.xcconfig</string>
			<key>path</key>
			<string>Pods/Pods-anyMesh.xcconfig</string>
			<key>sourceTree</key>
			<string>&lt;group&gt;</string>
		</dict>
		<key>1C13AF9613A84A9FB11C8749</key>
		<dict>
			<key>fileRef</key>
			<string>D297002C956F42ABA60D2EAF</string>
			<key>isa</key>
			<string>PBXBuildFile</string>
		</dict>
		<key>31AF7CCE15404E3E88B25FAE</key>
		<dict>
			<key>buildActionMask</key>
			<string>2147483647</string>
			<key>files</key>
			<array/>
			<key>inputPaths</key>
			<array/>
			<key>isa</key>
			<string>PBXShellScriptBuildPhase</string>
			<key>name</key>
			<string>Check Pods Manifest.lock</string>
			<key>outputPaths</key>
			<array/>
			<key>runOnlyForDeploymentPostprocessing</key>
			<string>0</string>
			<key>shellPath</key>
			<string>/bin/sh</string>
			<key>shellScript</key>
			<string>diff "${PODS_ROOT}/../Podfile.lock" "${PODS_ROOT}/Manifest.lock" &gt; /dev/null
if [[ $? != 0 ]] ; then
    cat &lt;&lt; EOM
error: The sandbox is not in sync with the Podfile.lock. Run 'pod install' or update your CocoaPods installation.
EOM
    exit 1
fi
</string>
			<key>showEnvVarsInLog</key>
			<string>0</string>
		</dict>
		<key>430F207B35A9428EA44F0EC4</key>
		<dict>
			<key>buildActionMask</key>
			<string>2147483647</string>
			<key>files</key>
			<array/>
			<key>inputPaths</key>
			<array/>
			<key>isa</key>
			<string>PBXShellScriptBuildPhase</string>
			<key>name</key>
			<string>Copy Pods Resources</string>
			<key>outputPaths</key>
			<array/>
			<key>runOnlyForDeploymentPostprocessing</key>
			<string>0</string>
			<key>shellPath</key>
			<string>/bin/sh</string>
			<key>shellScript</key>
			<string>"${SRCROOT}/Pods/Pods-anyMesh-resources.sh"
</string>
			<key>showEnvVarsInLog</key>
			<string>0</string>
		</dict>
		<key>50B97D11D1B04A458315ADC7</key>
		<dict>
			<key>buildActionMask</key>
			<string>2147483647</string>
			<key>files</key>
			<array/>
			<key>inputPaths</key>
			<array/>
			<key>isa</key>
			<string>PBXShellScriptBuildPhase</string>
			<key>name</key>
			<string>Copy Pods Resources</string>
			<key>outputPaths</key>
			<array/>
			<key>runOnlyForDeploymentPostprocessing</key>
			<string>0</string>
			<key>shellPath</key>
			<string>/bin/sh</string>
			<key>shellScript</key>
			<string>"${SRCROOT}/Pods/Pods-anyMesh Tests-resources.sh"
</string>
			<key>showEnvVarsInLog</key>
			<string>0</string>
		</dict>
		<key>5558B69919657346009B8DFB</key>
		<dict>
			<key>buildActionMask</key>
			<string>2147483647</string>
			<key>files</key>
			<array>
				<string>5558B6A819657347009B8DFB</string>
			</array>
			<key>isa</key>
			<string>PBXSourcesBuildPhase</string>
			<key>runOnlyForDeploymentPostprocessing</key>
			<string>0</string>
		</dict>
		<key>5558B69A19657346009B8DFB</key>
		<dict>
			<key>buildActionMask</key>
			<string>2147483647</string>
			<key>files</key>
			<array>
				<string>5558B69E19657346009B8DFB</string>
				<string>5558B6A019657346009B8DFB</string>
				<string>5558B69F19657346009B8DFB</string>
				<string>1C13AF9613A84A9FB11C8749</string>
			</array>
			<key>isa</key>
			<string>PBXFrameworksBuildPhase</string>
			<key>runOnlyForDeploymentPostprocessing</key>
			<string>0</string>
		</dict>
		<key>5558B69B19657346009B8DFB</key>
		<dict>
			<key>buildActionMask</key>
			<string>2147483647</string>
			<key>files</key>
			<array>
				<string>5558B6A619657346009B8DFB</string>
			</array>
			<key>isa</key>
			<string>PBXResourcesBuildPhase</string>
			<key>runOnlyForDeploymentPostprocessing</key>
			<string>0</string>
		</dict>
		<key>5558B69C19657346009B8DFB</key>
		<dict>
			<key>buildConfigurationList</key>
			<string>5558B6AE19657347009B8DFB</string>
			<key>buildPhases</key>
			<array>
				<string>7CF4A4779817462896CC9F0D</string>
				<string>5558B69919657346009B8DFB</string>
				<string>5558B69A19657346009B8DFB</string>
				<string>5558B69B19657346009B8DFB</string>
				<string>50B97D11D1B04A458315ADC7</string>
			</array>
			<key>buildRules</key>
			<array/>
			<key>dependencies</key>
			<array>
				<string>5558B6AB19657347009B8DFB</string>
			</array>
			<key>isa</key>
			<string>PBXNativeTarget</string>
			<key>name</key>
			<string>anyMesh Tests</string>
			<key>productName</key>
			<string>anyMesh Tests</string>
			<key>productReference</key>
			<string>5558B69D19657346009B8DFB</string>
			<key>productType</key>
			<string>com.apple.product-type.bundle.unit-test</string>
		</dict>
		<key>5558B69D19657346009B8DFB</key>
		<dict>
			<key>explicitFileType</key>
			<string>wrapper.cfbundle</string>
			<key>includeInIndex</key>
			<string>0</string>
			<key>isa</key>
			<string>PBXFileReference</string>
			<key>path</key>
			<string>anyMesh Tests.xctest</string>
			<key>sourceTree</key>
			<string>BUILT_PRODUCTS_DIR</string>
		</dict>
		<key>5558B69E19657346009B8DFB</key>
		<dict>
			<key>fileRef</key>
			<string>55C1BC1D190D95EB00F2A760</string>
			<key>isa</key>
			<string>PBXBuildFile</string>
		</dict>
		<key>5558B69F19657346009B8DFB</key>
		<dict>
			<key>fileRef</key>
			<string>55C1BC04190D95EA00F2A760</string>
			<key>isa</key>
			<string>PBXBuildFile</string>
		</dict>
		<key>5558B6A019657346009B8DFB</key>
		<dict>
			<key>fileRef</key>
			<string>55C1BC08190D95EA00F2A760</string>
			<key>isa</key>
			<string>PBXBuildFile</string>
		</dict>
		<key>5558B6A119657346009B8DFB</key>
		<dict>
			<key>children</key>
			<array>
				<string>5558B6A719657347009B8DFB</string>
				<string>5558B6A219657346009B8DFB</string>
			</array>
			<key>isa</key>
			<string>PBXGroup</string>
			<key>path</key>
			<string>anyMesh Tests</string>
			<key>sourceTree</key>
			<string>&lt;group&gt;</string>
		</dict>
		<key>5558B6A219657346009B8DFB</key>
		<dict>
			<key>children</key>
			<array>
				<string>5558B6A319657346009B8DFB</string>
				<string>5558B6A419657346009B8DFB</string>
				<string>5558B6A919657347009B8DFB</string>
			</array>
			<key>isa</key>
			<string>PBXGroup</string>
			<key>name</key>
			<string>Supporting Files</string>
			<key>sourceTree</key>
			<string>&lt;group&gt;</string>
		</dict>
		<key>5558B6A319657346009B8DFB</key>
		<dict>
			<key>isa</key>
			<string>PBXFileReference</string>
			<key>lastKnownFileType</key>
			<string>text.plist.xml</string>
			<key>path</key>
			<string>anyMesh Tests-Info.plist</string>
			<key>sourceTree</key>
			<string>&lt;group&gt;</string>
		</dict>
		<key>5558B6A419657346009B8DFB</key>
		<dict>
			<key>children</key>
			<array>
				<string>5558B6A519657346009B8DFB</string>
			</array>
			<key>isa</key>
			<string>PBXVariantGroup</string>
			<key>name</key>
			<string>InfoPlist.strings</string>
			<key>sourceTree</key>
			<string>&lt;group&gt;</string>
		</dict>
		<key>5558B6A519657346009B8DFB</key>
		<dict>
			<key>isa</key>
			<string>PBXFileReference</string>
			<key>lastKnownFileType</key>
			<string>text.plist.strings</string>
			<key>name</key>
			<string>en</string>
			<key>path</key>
			<string>en.lproj/InfoPlist.strings</string>
			<key>sourceTree</key>
			<string>&lt;group&gt;</string>
		</dict>
		<key>5558B6A619657346009B8DFB</key>
		<dict>
			<key>fileRef</key>
			<string>5558B6A419657346009B8DFB</string>
			<key>isa</key>
			<string>PBXBuildFile</string>
		</dict>
		<key>5558B6A719657347009B8DFB</key>
		<dict>
			<key>isa</key>
			<string>PBXFileReference</string>
			<key>lastKnownFileType</key>
			<string>sourcecode.c.objc</string>
			<key>path</key>
			<string>anyMesh_Tests.m</string>
			<key>sourceTree</key>
			<string>&lt;group&gt;</string>
		</dict>
		<key>5558B6A819657347009B8DFB</key>
		<dict>
			<key>fileRef</key>
			<string>5558B6A719657347009B8DFB</string>
			<key>isa</key>
			<string>PBXBuildFile</string>
		</dict>
		<key>5558B6A919657347009B8DFB</key>
		<dict>
			<key>isa</key>
			<string>PBXFileReference</string>
			<key>lastKnownFileType</key>
			<string>sourcecode.c.h</string>
			<key>path</key>
			<string>anyMesh Tests-Prefix.pch</string>
			<key>sourceTree</key>
			<string>&lt;group&gt;</string>
		</dict>
		<key>5558B6AA19657347009B8DFB</key>
		<dict>
			<key>containerPortal</key>
			<string>55C1BBF9190D95EA00F2A760</string>
			<key>isa</key>
			<string>PBXContainerItemProxy</string>
			<key>proxyType</key>
			<string>1</string>
			<key>remoteGlobalIDString</key>
			<string>55C1BC00190D95EA00F2A760</string>
			<key>remoteInfo</key>
			<string>anyMesh</string>
		</dict>
		<key>5558B6AB19657347009B8DFB</key>
		<dict>
			<key>isa</key>
			<string>PBXTargetDependency</string>
			<key>target</key>
			<string>55C1BC00190D95EA00F2A760</string>
			<key>targetProxy</key>
			<string>5558B6AA19657347009B8DFB</string>
		</dict>
		<key>5558B6AC19657347009B8DFB</key>
		<dict>
			<key>baseConfigurationReference</key>
			<string>B9DB224755FC475AB9566E80</string>
			<key>buildSettings</key>
			<dict>
				<key>BUNDLE_LOADER</key>
				<string>$(BUILT_PRODUCTS_DIR)/anyMesh.app/anyMesh</string>
				<key>FRAMEWORK_SEARCH_PATHS</key>
				<array>
					<string>$(SDKROOT)/Developer/Library/Frameworks</string>
					<string>$(inherited)</string>
					<string>$(DEVELOPER_FRAMEWORKS_DIR)</string>
				</array>
				<key>GCC_PRECOMPILE_PREFIX_HEADER</key>
				<string>YES</string>
				<key>GCC_PREFIX_HEADER</key>
				<string>anyMesh Tests/anyMesh Tests-Prefix.pch</string>
				<key>GCC_PREPROCESSOR_DEFINITIONS</key>
				<array>
					<string>DEBUG=1</string>
					<string>$(inherited)</string>
				</array>
				<key>INFOPLIST_FILE</key>
				<string>anyMesh Tests/anyMesh Tests-Info.plist</string>
				<key>PRODUCT_NAME</key>
				<string>$(TARGET_NAME)</string>
				<key>TEST_HOST</key>
				<string>$(BUNDLE_LOADER)</string>
				<key>WRAPPER_EXTENSION</key>
				<string>xctest</string>
			</dict>
			<key>isa</key>
			<string>XCBuildConfiguration</string>
			<key>name</key>
			<string>Debug</string>
		</dict>
		<key>5558B6AD19657347009B8DFB</key>
		<dict>
			<key>baseConfigurationReference</key>
			<string>B9DB224755FC475AB9566E80</string>
			<key>buildSettings</key>
			<dict>
				<key>BUNDLE_LOADER</key>
				<string>$(BUILT_PRODUCTS_DIR)/anyMesh.app/anyMesh</string>
				<key>FRAMEWORK_SEARCH_PATHS</key>
				<array>
					<string>$(SDKROOT)/Developer/Library/Frameworks</string>
					<string>$(inherited)</string>
					<string>$(DEVELOPER_FRAMEWORKS_DIR)</string>
				</array>
				<key>GCC_PRECOMPILE_PREFIX_HEADER</key>
				<string>YES</string>
				<key>GCC_PREFIX_HEADER</key>
				<string>anyMesh Tests/anyMesh Tests-Prefix.pch</string>
				<key>INFOPLIST_FILE</key>
				<string>anyMesh Tests/anyMesh Tests-Info.plist</string>
				<key>PRODUCT_NAME</key>
				<string>$(TARGET_NAME)</string>
				<key>TEST_HOST</key>
				<string>$(BUNDLE_LOADER)</string>
				<key>WRAPPER_EXTENSION</key>
				<string>xctest</string>
			</dict>
			<key>isa</key>
			<string>XCBuildConfiguration</string>
			<key>name</key>
			<string>Release</string>
		</dict>
		<key>5558B6AE19657347009B8DFB</key>
		<dict>
			<key>buildConfigurations</key>
			<array>
				<string>5558B6AC19657347009B8DFB</string>
				<string>5558B6AD19657347009B8DFB</string>
			</array>
			<key>defaultConfigurationIsVisible</key>
			<string>0</string>
			<key>defaultConfigurationName</key>
			<string>Release</string>
			<key>isa</key>
			<string>XCConfigurationList</string>
		</dict>
		<key>556AA34C1944E3EE00D3FB57</key>
		<dict>
			<key>fileEncoding</key>
			<string>4</string>
			<key>isa</key>
			<string>PBXFileReference</string>
			<key>lastKnownFileType</key>
			<string>sourcecode.c.h</string>
			<key>path</key>
			<string>CellData.h</string>
			<key>sourceTree</key>
			<string>&lt;group&gt;</string>
		</dict>
		<key>556AA34D1944E3EE00D3FB57</key>
		<dict>
			<key>fileEncoding</key>
			<string>4</string>
			<key>isa</key>
			<string>PBXFileReference</string>
			<key>lastKnownFileType</key>
			<string>sourcecode.c.objc</string>
			<key>path</key>
			<string>CellData.m</string>
			<key>sourceTree</key>
			<string>&lt;group&gt;</string>
		</dict>
		<key>556AA34E1944E3EE00D3FB57</key>
		<dict>
			<key>fileRef</key>
			<string>556AA34D1944E3EE00D3FB57</string>
			<key>isa</key>
			<string>PBXBuildFile</string>
		</dict>
		<key>556AA34F1944E83900D3FB57</key>
		<dict>
			<key>fileEncoding</key>
			<string>4</string>
			<key>isa</key>
			<string>PBXFileReference</string>
			<key>lastKnownFileType</key>
			<string>sourcecode.c.h</string>
			<key>path</key>
			<string>SessionInfoView.h</string>
			<key>sourceTree</key>
			<string>&lt;group&gt;</string>
		</dict>
		<key>556AA3501944E83900D3FB57</key>
		<dict>
			<key>fileEncoding</key>
			<string>4</string>
			<key>isa</key>
			<string>PBXFileReference</string>
			<key>lastKnownFileType</key>
			<string>sourcecode.c.objc</string>
			<key>path</key>
			<string>SessionInfoView.m</string>
			<key>sourceTree</key>
			<string>&lt;group&gt;</string>
		</dict>
		<key>556AA3511944E83900D3FB57</key>
		<dict>
			<key>fileRef</key>
			<string>556AA3501944E83900D3FB57</string>
			<key>isa</key>
			<string>PBXBuildFile</string>
		</dict>
		<key>556AA3521944E85B00D3FB57</key>
		<dict>
			<key>fileEncoding</key>
			<string>4</string>
			<key>isa</key>
			<string>PBXFileReference</string>
			<key>lastKnownFileType</key>
			<string>file.xib</string>
			<key>path</key>
			<string>SessionInfoView.xib</string>
			<key>sourceTree</key>
			<string>&lt;group&gt;</string>
		</dict>
		<key>556AA3531944E85B00D3FB57</key>
		<dict>
			<key>fileRef</key>
			<string>556AA3521944E85B00D3FB57</string>
			<key>isa</key>
			<string>PBXBuildFile</string>
		</dict>
		<key>55C1BBF8190D95EA00F2A760</key>
		<dict>
			<key>children</key>
			<array>
				<string>55C1BC0A190D95EA00F2A760</string>
				<string>5558B6A119657346009B8DFB</string>
				<string>55C1BC03190D95EA00F2A760</string>
				<string>55C1BC02190D95EA00F2A760</string>
				<string>1177C53E548E4BBBB3468046</string>
				<string>B9DB224755FC475AB9566E80</string>
			</array>
			<key>isa</key>
			<string>PBXGroup</string>
			<key>sourceTree</key>
			<string>&lt;group&gt;</string>
		</dict>
		<key>55C1BBF9190D95EA00F2A760</key>
		<dict>
			<key>attributes</key>
			<dict>
				<key>LastUpgradeCheck</key>
				<string>0510</string>
				<key>ORGANIZATIONNAME</key>
				<string>dpTools</string>
				<key>TargetAttributes</key>
				<dict>
					<key>5558B69C19657346009B8DFB</key>
					<dict>
						<key>TestTargetID</key>
						<string>55C1BC00190D95EA00F2A760</string>
					</dict>
				</dict>
			</dict>
			<key>buildConfigurationList</key>
			<string>55C1BBFC190D95EA00F2A760</string>
			<key>compatibilityVersion</key>
			<string>Xcode 3.2</string>
			<key>developmentRegion</key>
			<string>English</string>
			<key>hasScannedForEncodings</key>
			<string>0</string>
			<key>isa</key>
			<string>PBXProject</string>
			<key>knownRegions</key>
			<array>
				<string>en</string>
				<string>ar</string>
			</array>
			<key>mainGroup</key>
			<string>55C1BBF8190D95EA00F2A760</string>
			<key>productRefGroup</key>
			<string>55C1BC02190D95EA00F2A760</string>
			<key>projectDirPath</key>
			<string></string>
			<key>projectReferences</key>
			<array/>
			<key>projectRoot</key>
			<string></string>
			<key>targets</key>
			<array>
				<string>55C1BC00190D95EA00F2A760</string>
				<string>5558B69C19657346009B8DFB</string>
			</array>
		</dict>
		<key>55C1BBFC190D95EA00F2A760</key>
		<dict>
			<key>buildConfigurations</key>
			<array>
				<string>55C1BC2B190D95EB00F2A760</string>
				<string>55C1BC2C190D95EB00F2A760</string>
			</array>
			<key>defaultConfigurationIsVisible</key>
			<string>0</string>
			<key>defaultConfigurationName</key>
			<string>Release</string>
			<key>isa</key>
			<string>XCConfigurationList</string>
		</dict>
		<key>55C1BBFD190D95EA00F2A760</key>
		<dict>
			<key>buildActionMask</key>
			<string>2147483647</string>
			<key>files</key>
			<array>
				<string>5822D11F194223EF00F8A383</string>
				<string>55C1BC15190D95EA00F2A760</string>
				<string>556AA3511944E83900D3FB57</string>
				<string>556AA34E1944E3EE00D3FB57</string>
				<string>5822D18419422D2000F8A383</string>
				<string>55C1BC11190D95EA00F2A760</string>
				<string>55C1BC3C190E853600F2A760</string>
			</array>
			<key>isa</key>
			<string>PBXSourcesBuildPhase</string>
			<key>runOnlyForDeploymentPostprocessing</key>
			<string>0</string>
		</dict>
		<key>55C1BBFE190D95EA00F2A760</key>
		<dict>
			<key>buildActionMask</key>
			<string>2147483647</string>
			<key>files</key>
			<array>
				<string>55C1BC07190D95EA00F2A760</string>
				<string>55C1BC09190D95EA00F2A760</string>
				<string>55C1BC05190D95EA00F2A760</string>
				<string>A357DAA4401241FEAD566E7B</string>
			</array>
			<key>isa</key>
			<string>PBXFrameworksBuildPhase</string>
			<key>runOnlyForDeploymentPostprocessing</key>
			<string>0</string>
		</dict>
		<key>55C1BBFF190D95EA00F2A760</key>
		<dict>
			<key>buildActionMask</key>
			<string>2147483647</string>
			<key>files</key>
			<array>
				<string>5822D1211942240600F8A383</string>
				<string>55C1BC0F190D95EA00F2A760</string>
				<string>55C1BC17190D95EA00F2A760</string>
				<string>556AA3531944E85B00D3FB57</string>
				<string>55C1BC3D190E853600F2A760</string>
			</array>
			<key>isa</key>
			<string>PBXResourcesBuildPhase</string>
			<key>runOnlyForDeploymentPostprocessing</key>
			<string>0</string>
		</dict>
		<key>55C1BC00190D95EA00F2A760</key>
		<dict>
			<key>buildConfigurationList</key>
			<string>55C1BC2D190D95EB00F2A760</string>
			<key>buildPhases</key>
			<array>
				<string>31AF7CCE15404E3E88B25FAE</string>
				<string>55C1BBFD190D95EA00F2A760</string>
				<string>55C1BBFE190D95EA00F2A760</string>
				<string>55C1BBFF190D95EA00F2A760</string>
				<string>430F207B35A9428EA44F0EC4</string>
			</array>
			<key>buildRules</key>
			<array/>
			<key>dependencies</key>
			<array/>
			<key>isa</key>
			<string>PBXNativeTarget</string>
			<key>name</key>
			<string>anyMesh</string>
			<key>productName</key>
			<string>anyMesh</string>
			<key>productReference</key>
			<string>55C1BC01190D95EA00F2A760</string>
			<key>productType</key>
			<string>com.apple.product-type.application</string>
		</dict>
		<key>55C1BC01190D95EA00F2A760</key>
		<dict>
			<key>explicitFileType</key>
			<string>wrapper.application</string>
			<key>includeInIndex</key>
			<string>0</string>
			<key>isa</key>
			<string>PBXFileReference</string>
			<key>path</key>
			<string>anyMesh.app</string>
			<key>sourceTree</key>
			<string>BUILT_PRODUCTS_DIR</string>
		</dict>
		<key>55C1BC02190D95EA00F2A760</key>
		<dict>
			<key>children</key>
			<array>
				<string>55C1BC01190D95EA00F2A760</string>
				<string>5558B69D19657346009B8DFB</string>
			</array>
			<key>isa</key>
			<string>PBXGroup</string>
			<key>name</key>
			<string>Products</string>
			<key>sourceTree</key>
			<string>&lt;group&gt;</string>
		</dict>
		<key>55C1BC03190D95EA00F2A760</key>
		<dict>
			<key>children</key>
			<array>
				<string>55C1BC04190D95EA00F2A760</string>
				<string>55C1BC06190D95EA00F2A760</string>
				<string>55C1BC08190D95EA00F2A760</string>
				<string>55C1BC1D190D95EB00F2A760</string>
				<string>E84A29410DAA4C66ACE19233</string>
				<string>D297002C956F42ABA60D2EAF</string>
			</array>
			<key>isa</key>
			<string>PBXGroup</string>
			<key>name</key>
			<string>Frameworks</string>
			<key>sourceTree</key>
			<string>&lt;group&gt;</string>
		</dict>
		<key>55C1BC04190D95EA00F2A760</key>
		<dict>
			<key>isa</key>
			<string>PBXFileReference</string>
			<key>lastKnownFileType</key>
			<string>wrapper.framework</string>
			<key>name</key>
			<string>Foundation.framework</string>
			<key>path</key>
			<string>System/Library/Frameworks/Foundation.framework</string>
			<key>sourceTree</key>
			<string>SDKROOT</string>
		</dict>
		<key>55C1BC05190D95EA00F2A760</key>
		<dict>
			<key>fileRef</key>
			<string>55C1BC04190D95EA00F2A760</string>
			<key>isa</key>
			<string>PBXBuildFile</string>
		</dict>
		<key>55C1BC06190D95EA00F2A760</key>
		<dict>
			<key>isa</key>
			<string>PBXFileReference</string>
			<key>lastKnownFileType</key>
			<string>wrapper.framework</string>
			<key>name</key>
			<string>CoreGraphics.framework</string>
			<key>path</key>
			<string>System/Library/Frameworks/CoreGraphics.framework</string>
			<key>sourceTree</key>
			<string>SDKROOT</string>
		</dict>
		<key>55C1BC07190D95EA00F2A760</key>
		<dict>
			<key>fileRef</key>
			<string>55C1BC06190D95EA00F2A760</string>
			<key>isa</key>
			<string>PBXBuildFile</string>
		</dict>
		<key>55C1BC08190D95EA00F2A760</key>
		<dict>
			<key>isa</key>
			<string>PBXFileReference</string>
			<key>lastKnownFileType</key>
			<string>wrapper.framework</string>
			<key>name</key>
			<string>UIKit.framework</string>
			<key>path</key>
			<string>System/Library/Frameworks/UIKit.framework</string>
			<key>sourceTree</key>
			<string>SDKROOT</string>
		</dict>
		<key>55C1BC09190D95EA00F2A760</key>
		<dict>
			<key>fileRef</key>
			<string>55C1BC08190D95EA00F2A760</string>
			<key>isa</key>
			<string>PBXBuildFile</string>
		</dict>
		<key>55C1BC0A190D95EA00F2A760</key>
		<dict>
			<key>children</key>
			<array>
				<string>55C1BC13190D95EA00F2A760</string>
				<string>55C1BC14190D95EA00F2A760</string>
				<string>55C1BC16190D95EA00F2A760</string>
				<string>55C1BC0B190D95EA00F2A760</string>
				<string>55C1BC39190E853600F2A760</string>
				<string>55C1BC3A190E853600F2A760</string>
				<string>55C1BC3B190E853600F2A760</string>
				<string>556AA34C1944E3EE00D3FB57</string>
				<string>556AA34D1944E3EE00D3FB57</string>
				<string>5822D11D194223EF00F8A383</string>
				<string>5822D11E194223EF00F8A383</string>
				<string>5822D1201942240600F8A383</string>
				<string>556AA34F1944E83900D3FB57</string>
				<string>556AA3501944E83900D3FB57</string>
				<string>556AA3521944E85B00D3FB57</string>
			</array>
			<key>isa</key>
			<string>PBXGroup</string>
			<key>path</key>
			<string>anyMesh</string>
			<key>sourceTree</key>
			<string>&lt;group&gt;</string>
		</dict>
		<key>55C1BC0B190D95EA00F2A760</key>
		<dict>
			<key>children</key>
			<array>
				<string>55C1BC0C190D95EA00F2A760</string>
				<string>55C1BC0D190D95EA00F2A760</string>
				<string>55C1BC10190D95EA00F2A760</string>
				<string>55C1BC12190D95EA00F2A760</string>
				<string>5822D18219422D2000F8A383</string>
				<string>5822D18319422D2000F8A383</string>
			</array>
			<key>isa</key>
			<string>PBXGroup</string>
			<key>name</key>
			<string>Supporting Files</string>
			<key>sourceTree</key>
			<string>&lt;group&gt;</string>
		</dict>
		<key>55C1BC0C190D95EA00F2A760</key>
		<dict>
			<key>isa</key>
			<string>PBXFileReference</string>
			<key>lastKnownFileType</key>
			<string>text.plist.xml</string>
			<key>path</key>
			<string>anyMesh-Info.plist</string>
			<key>sourceTree</key>
			<string>&lt;group&gt;</string>
		</dict>
		<key>55C1BC0D190D95EA00F2A760</key>
		<dict>
			<key>children</key>
			<array>
				<string>55C1BC0E190D95EA00F2A760</string>
			</array>
			<key>isa</key>
			<string>PBXVariantGroup</string>
			<key>name</key>
			<string>InfoPlist.strings</string>
			<key>sourceTree</key>
			<string>&lt;group&gt;</string>
		</dict>
		<key>55C1BC0E190D95EA00F2A760</key>
		<dict>
			<key>isa</key>
			<string>PBXFileReference</string>
			<key>lastKnownFileType</key>
			<string>text.plist.strings</string>
			<key>name</key>
			<string>en</string>
			<key>path</key>
			<string>en.lproj/InfoPlist.strings</string>
			<key>sourceTree</key>
			<string>&lt;group&gt;</string>
		</dict>
		<key>55C1BC0F190D95EA00F2A760</key>
		<dict>
			<key>fileRef</key>
			<string>55C1BC0D190D95EA00F2A760</string>
			<key>isa</key>
			<string>PBXBuildFile</string>
		</dict>
		<key>55C1BC10190D95EA00F2A760</key>
		<dict>
			<key>isa</key>
			<string>PBXFileReference</string>
			<key>lastKnownFileType</key>
			<string>sourcecode.c.objc</string>
			<key>path</key>
			<string>main.m</string>
			<key>sourceTree</key>
			<string>&lt;group&gt;</string>
		</dict>
		<key>55C1BC11190D95EA00F2A760</key>
		<dict>
			<key>fileRef</key>
			<string>55C1BC10190D95EA00F2A760</string>
			<key>isa</key>
			<string>PBXBuildFile</string>
		</dict>
		<key>55C1BC12190D95EA00F2A760</key>
		<dict>
			<key>isa</key>
			<string>PBXFileReference</string>
			<key>lastKnownFileType</key>
			<string>sourcecode.c.h</string>
			<key>path</key>
			<string>anyMesh-Prefix.pch</string>
			<key>sourceTree</key>
			<string>&lt;group&gt;</string>
		</dict>
		<key>55C1BC13190D95EA00F2A760</key>
		<dict>
			<key>isa</key>
			<string>PBXFileReference</string>
			<key>lastKnownFileType</key>
			<string>sourcecode.c.h</string>
			<key>path</key>
			<string>AppDelegate.h</string>
			<key>sourceTree</key>
			<string>&lt;group&gt;</string>
		</dict>
		<key>55C1BC14190D95EA00F2A760</key>
		<dict>
			<key>isa</key>
			<string>PBXFileReference</string>
			<key>lastKnownFileType</key>
			<string>sourcecode.c.objc</string>
			<key>path</key>
			<string>AppDelegate.m</string>
			<key>sourceTree</key>
			<string>&lt;group&gt;</string>
		</dict>
		<key>55C1BC15190D95EA00F2A760</key>
		<dict>
			<key>fileRef</key>
			<string>55C1BC14190D95EA00F2A760</string>
			<key>isa</key>
			<string>PBXBuildFile</string>
		</dict>
		<key>55C1BC16190D95EA00F2A760</key>
		<dict>
			<key>isa</key>
			<string>PBXFileReference</string>
			<key>lastKnownFileType</key>
			<string>folder.assetcatalog</string>
			<key>path</key>
			<string>Images.xcassets</string>
			<key>sourceTree</key>
			<string>&lt;group&gt;</string>
		</dict>
		<key>55C1BC17190D95EA00F2A760</key>
		<dict>
			<key>fileRef</key>
			<string>55C1BC16190D95EA00F2A760</string>
			<key>isa</key>
			<string>PBXBuildFile</string>
		</dict>
		<key>55C1BC1D190D95EB00F2A760</key>
		<dict>
			<key>isa</key>
			<string>PBXFileReference</string>
			<key>lastKnownFileType</key>
			<string>wrapper.framework</string>
			<key>name</key>
			<string>XCTest.framework</string>
			<key>path</key>
			<string>Library/Frameworks/XCTest.framework</string>
			<key>sourceTree</key>
			<string>DEVELOPER_DIR</string>
		</dict>
		<key>55C1BC2B190D95EB00F2A760</key>
		<dict>
			<key>buildSettings</key>
			<dict>
				<key>ALWAYS_SEARCH_USER_PATHS</key>
				<string>NO</string>
				<key>CLANG_CXX_LANGUAGE_STANDARD</key>
				<string>gnu++0x</string>
				<key>CLANG_CXX_LIBRARY</key>
				<string>libc++</string>
				<key>CLANG_ENABLE_MODULES</key>
				<string>YES</string>
				<key>CLANG_ENABLE_OBJC_ARC</key>
				<string>YES</string>
				<key>CLANG_WARN_BOOL_CONVERSION</key>
				<string>YES</string>
				<key>CLANG_WARN_CONSTANT_CONVERSION</key>
				<string>YES</string>
				<key>CLANG_WARN_DIRECT_OBJC_ISA_USAGE</key>
				<string>YES_ERROR</string>
				<key>CLANG_WARN_EMPTY_BODY</key>
				<string>YES</string>
				<key>CLANG_WARN_ENUM_CONVERSION</key>
				<string>YES</string>
				<key>CLANG_WARN_INT_CONVERSION</key>
				<string>YES</string>
				<key>CLANG_WARN_OBJC_ROOT_CLASS</key>
				<string>YES_ERROR</string>
				<key>CLANG_WARN__DUPLICATE_METHOD_MATCH</key>
				<string>YES</string>
				<key>CODE_SIGN_IDENTITY[sdk=iphoneos*]</key>
				<string>iPhone Developer</string>
				<key>COPY_PHASE_STRIP</key>
				<string>NO</string>
				<key>GCC_C_LANGUAGE_STANDARD</key>
				<string>gnu99</string>
				<key>GCC_DYNAMIC_NO_PIC</key>
				<string>NO</string>
				<key>GCC_OPTIMIZATION_LEVEL</key>
				<string>0</string>
				<key>GCC_PREPROCESSOR_DEFINITIONS</key>
				<array>
					<string>DEBUG=1</string>
					<string>$(inherited)</string>
				</array>
				<key>GCC_SYMBOLS_PRIVATE_EXTERN</key>
				<string>NO</string>
				<key>GCC_WARN_64_TO_32_BIT_CONVERSION</key>
				<string>YES</string>
				<key>GCC_WARN_ABOUT_RETURN_TYPE</key>
				<string>YES_ERROR</string>
				<key>GCC_WARN_UNDECLARED_SELECTOR</key>
				<string>YES</string>
				<key>GCC_WARN_UNINITIALIZED_AUTOS</key>
				<string>YES_AGGRESSIVE</string>
				<key>GCC_WARN_UNUSED_FUNCTION</key>
				<string>YES</string>
				<key>GCC_WARN_UNUSED_VARIABLE</key>
				<string>YES</string>
				<key>IPHONEOS_DEPLOYMENT_TARGET</key>
				<string>7.1</string>
				<key>ONLY_ACTIVE_ARCH</key>
				<string>YES</string>
				<key>SDKROOT</key>
				<string>iphoneos</string>
				<key>TARGETED_DEVICE_FAMILY</key>
				<string>1,2</string>
			</dict>
			<key>isa</key>
			<string>XCBuildConfiguration</string>
			<key>name</key>
			<string>Debug</string>
		</dict>
		<key>55C1BC2C190D95EB00F2A760</key>
		<dict>
			<key>buildSettings</key>
			<dict>
				<key>ALWAYS_SEARCH_USER_PATHS</key>
				<string>NO</string>
				<key>CLANG_CXX_LANGUAGE_STANDARD</key>
				<string>gnu++0x</string>
				<key>CLANG_CXX_LIBRARY</key>
				<string>libc++</string>
				<key>CLANG_ENABLE_MODULES</key>
				<string>YES</string>
				<key>CLANG_ENABLE_OBJC_ARC</key>
				<string>YES</string>
				<key>CLANG_WARN_BOOL_CONVERSION</key>
				<string>YES</string>
				<key>CLANG_WARN_CONSTANT_CONVERSION</key>
				<string>YES</string>
				<key>CLANG_WARN_DIRECT_OBJC_ISA_USAGE</key>
				<string>YES_ERROR</string>
				<key>CLANG_WARN_EMPTY_BODY</key>
				<string>YES</string>
				<key>CLANG_WARN_ENUM_CONVERSION</key>
				<string>YES</string>
				<key>CLANG_WARN_INT_CONVERSION</key>
				<string>YES</string>
				<key>CLANG_WARN_OBJC_ROOT_CLASS</key>
				<string>YES_ERROR</string>
				<key>CLANG_WARN__DUPLICATE_METHOD_MATCH</key>
				<string>YES</string>
				<key>CODE_SIGN_IDENTITY[sdk=iphoneos*]</key>
				<string>iPhone Developer</string>
				<key>COPY_PHASE_STRIP</key>
				<string>YES</string>
				<key>ENABLE_NS_ASSERTIONS</key>
				<string>NO</string>
				<key>GCC_C_LANGUAGE_STANDARD</key>
				<string>gnu99</string>
				<key>GCC_WARN_64_TO_32_BIT_CONVERSION</key>
				<string>YES</string>
				<key>GCC_WARN_ABOUT_RETURN_TYPE</key>
				<string>YES_ERROR</string>
				<key>GCC_WARN_UNDECLARED_SELECTOR</key>
				<string>YES</string>
				<key>GCC_WARN_UNINITIALIZED_AUTOS</key>
				<string>YES_AGGRESSIVE</string>
				<key>GCC_WARN_UNUSED_FUNCTION</key>
				<string>YES</string>
				<key>GCC_WARN_UNUSED_VARIABLE</key>
				<string>YES</string>
				<key>IPHONEOS_DEPLOYMENT_TARGET</key>
				<string>7.1</string>
				<key>SDKROOT</key>
				<string>iphoneos</string>
				<key>TARGETED_DEVICE_FAMILY</key>
				<string>1,2</string>
				<key>VALIDATE_PRODUCT</key>
				<string>YES</string>
			</dict>
			<key>isa</key>
			<string>XCBuildConfiguration</string>
			<key>name</key>
			<string>Release</string>
		</dict>
		<key>55C1BC2D190D95EB00F2A760</key>
		<dict>
			<key>buildConfigurations</key>
			<array>
				<string>55C1BC2E190D95EB00F2A760</string>
				<string>55C1BC2F190D95EB00F2A760</string>
			</array>
			<key>defaultConfigurationIsVisible</key>
			<string>0</string>
			<key>defaultConfigurationName</key>
			<string>Release</string>
			<key>isa</key>
			<string>XCConfigurationList</string>
		</dict>
		<key>55C1BC2E190D95EB00F2A760</key>
		<dict>
			<key>baseConfigurationReference</key>
			<string>1177C53E548E4BBBB3468046</string>
			<key>buildSettings</key>
			<dict>
				<key>ASSETCATALOG_COMPILER_APPICON_NAME</key>
				<string>AppIcon</string>
				<key>ASSETCATALOG_COMPILER_LAUNCHIMAGE_NAME</key>
				<string>LaunchImage</string>
				<key>GCC_PRECOMPILE_PREFIX_HEADER</key>
				<string>YES</string>
				<key>GCC_PREFIX_HEADER</key>
				<string>anyMesh/anyMesh-Prefix.pch</string>
				<key>INFOPLIST_FILE</key>
				<string>anyMesh/anyMesh-Info.plist</string>
				<key>PRODUCT_NAME</key>
				<string>$(TARGET_NAME)</string>
				<key>TARGETED_DEVICE_FAMILY</key>
				<string>1</string>
				<key>WRAPPER_EXTENSION</key>
				<string>app</string>
			</dict>
			<key>isa</key>
			<string>XCBuildConfiguration</string>
			<key>name</key>
			<string>Debug</string>
		</dict>
		<key>55C1BC2F190D95EB00F2A760</key>
		<dict>
			<key>baseConfigurationReference</key>
			<string>1177C53E548E4BBBB3468046</string>
			<key>buildSettings</key>
			<dict>
				<key>ASSETCATALOG_COMPILER_APPICON_NAME</key>
				<string>AppIcon</string>
				<key>ASSETCATALOG_COMPILER_LAUNCHIMAGE_NAME</key>
				<string>LaunchImage</string>
				<key>GCC_PRECOMPILE_PREFIX_HEADER</key>
				<string>YES</string>
				<key>GCC_PREFIX_HEADER</key>
				<string>anyMesh/anyMesh-Prefix.pch</string>
				<key>INFOPLIST_FILE</key>
				<string>anyMesh/anyMesh-Info.plist</string>
				<key>PRODUCT_NAME</key>
				<string>$(TARGET_NAME)</string>
				<key>TARGETED_DEVICE_FAMILY</key>
				<string>1</string>
				<key>WRAPPER_EXTENSION</key>
				<string>app</string>
			</dict>
			<key>isa</key>
			<string>XCBuildConfiguration</string>
			<key>name</key>
			<string>Release</string>
		</dict>
		<key>55C1BC39190E853600F2A760</key>
		<dict>
			<key>fileEncoding</key>
			<string>4</string>
			<key>isa</key>
			<string>PBXFileReference</string>
			<key>lastKnownFileType</key>
			<string>sourcecode.c.h</string>
			<key>path</key>
			<string>MeshViewController.h</string>
			<key>sourceTree</key>
			<string>&lt;group&gt;</string>
		</dict>
		<key>55C1BC3A190E853600F2A760</key>
		<dict>
			<key>fileEncoding</key>
			<string>4</string>
			<key>isa</key>
			<string>PBXFileReference</string>
			<key>lastKnownFileType</key>
			<string>sourcecode.c.objc</string>
			<key>path</key>
			<string>MeshViewController.m</string>
			<key>sourceTree</key>
			<string>&lt;group&gt;</string>
		</dict>
		<key>55C1BC3B190E853600F2A760</key>
		<dict>
			<key>fileEncoding</key>
			<string>4</string>
			<key>isa</key>
			<string>PBXFileReference</string>
			<key>lastKnownFileType</key>
			<string>file.xib</string>
			<key>path</key>
			<string>MeshViewController.xib</string>
			<key>sourceTree</key>
			<string>&lt;group&gt;</string>
		</dict>
		<key>55C1BC3C190E853600F2A760</key>
		<dict>
			<key>fileRef</key>
			<string>55C1BC3A190E853600F2A760</string>
			<key>isa</key>
			<string>PBXBuildFile</string>
		</dict>
		<key>55C1BC3D190E853600F2A760</key>
		<dict>
			<key>fileRef</key>
			<string>55C1BC3B190E853600F2A760</string>
			<key>isa</key>
			<string>PBXBuildFile</string>
		</dict>
		<key>5822D11D194223EF00F8A383</key>
		<dict>
			<key>fileEncoding</key>
			<string>4</string>
			<key>isa</key>
			<string>PBXFileReference</string>
			<key>lastKnownFileType</key>
			<string>sourcecode.c.h</string>
			<key>path</key>
			<string>SetupView.h</string>
			<key>sourceTree</key>
			<string>&lt;group&gt;</string>
		</dict>
		<key>5822D11E194223EF00F8A383</key>
		<dict>
			<key>fileEncoding</key>
			<string>4</string>
			<key>isa</key>
			<string>PBXFileReference</string>
			<key>lastKnownFileType</key>
			<string>sourcecode.c.objc</string>
			<key>path</key>
			<string>SetupView.m</string>
			<key>sourceTree</key>
			<string>&lt;group&gt;</string>
		</dict>
		<key>5822D11F194223EF00F8A383</key>
		<dict>
			<key>fileRef</key>
			<string>5822D11E194223EF00F8A383</string>
			<key>isa</key>
			<string>PBXBuildFile</string>
		</dict>
		<key>5822D1201942240600F8A383</key>
		<dict>
			<key>fileEncoding</key>
			<string>4</string>
			<key>isa</key>
			<string>PBXFileReference</string>
			<key>lastKnownFileType</key>
			<string>file.xib</string>
			<key>path</key>
			<string>SetupView.xib</string>
			<key>sourceTree</key>
			<string>&lt;group&gt;</string>
		</dict>
		<key>5822D1211942240600F8A383</key>
		<dict>
			<key>fileRef</key>
			<string>5822D1201942240600F8A383</string>
			<key>isa</key>
			<string>PBXBuildFile</string>
		</dict>
		<key>5822D18219422D2000F8A383</key>
		<dict>
			<key>fileEncoding</key>
			<string>4</string>
			<key>isa</key>
			<string>PBXFileReference</string>
			<key>lastKnownFileType</key>
			<string>sourcecode.c.h</string>
			<key>path</key>
			<string>UIView+AutoLayout.h</string>
			<key>sourceTree</key>
			<string>&lt;group&gt;</string>
		</dict>
		<key>5822D18319422D2000F8A383</key>
		<dict>
			<key>fileEncoding</key>
			<string>4</string>
			<key>isa</key>
			<string>PBXFileReference</string>
			<key>lastKnownFileType</key>
			<string>sourcecode.c.objc</string>
			<key>path</key>
			<string>UIView+AutoLayout.m</string>
			<key>sourceTree</key>
			<string>&lt;group&gt;</string>
		</dict>
		<key>5822D18419422D2000F8A383</key>
		<dict>
			<key>fileRef</key>
			<string>5822D18319422D2000F8A383</string>
			<key>isa</key>
			<string>PBXBuildFile</string>
		</dict>
		<key>7CF4A4779817462896CC9F0D</key>
		<dict>
			<key>buildActionMask</key>
			<string>2147483647</string>
			<key>files</key>
			<array/>
			<key>inputPaths</key>
			<array/>
			<key>isa</key>
			<string>PBXShellScriptBuildPhase</string>
			<key>name</key>
			<string>Check Pods Manifest.lock</string>
			<key>outputPaths</key>
			<array/>
			<key>runOnlyForDeploymentPostprocessing</key>
			<string>0</string>
			<key>shellPath</key>
			<string>/bin/sh</string>
			<key>shellScript</key>
			<string>diff "${PODS_ROOT}/../Podfile.lock" "${PODS_ROOT}/Manifest.lock" &gt; /dev/null
if [[ $? != 0 ]] ; then
    cat &lt;&lt; EOM
error: The sandbox is not in sync with the Podfile.lock. Run 'pod install' or update your CocoaPods installation.
EOM
    exit 1
fi
</string>
			<key>showEnvVarsInLog</key>
			<string>0</string>
		</dict>
		<key>A357DAA4401241FEAD566E7B</key>
		<dict>
			<key>fileRef</key>
			<string>E84A29410DAA4C66ACE19233</string>
			<key>isa</key>
			<string>PBXBuildFile</string>
		</dict>
		<key>B9DB224755FC475AB9566E80</key>
		<dict>
			<key>includeInIndex</key>
			<string>1</string>
			<key>isa</key>
			<string>PBXFileReference</string>
			<key>lastKnownFileType</key>
			<string>text.xcconfig</string>
			<key>name</key>
			<string>Pods-anyMesh Tests.xcconfig</string>
			<key>path</key>
			<string>Pods/Pods-anyMesh Tests.xcconfig</string>
			<key>sourceTree</key>
			<string>&lt;group&gt;</string>
		</dict>
		<key>D297002C956F42ABA60D2EAF</key>
		<dict>
			<key>explicitFileType</key>
			<string>archive.ar</string>
			<key>includeInIndex</key>
			<string>0</string>
			<key>isa</key>
			<string>PBXFileReference</string>
			<key>path</key>
			<string>libPods-anyMesh Tests.a</string>
			<key>sourceTree</key>
			<string>BUILT_PRODUCTS_DIR</string>
		</dict>
		<key>E84A29410DAA4C66ACE19233</key>
		<dict>
			<key>explicitFileType</key>
			<string>archive.ar</string>
			<key>includeInIndex</key>
			<string>0</string>
			<key>isa</key>
			<string>PBXFileReference</string>
			<key>path</key>
			<string>libPods-anyMesh.a</string>
			<key>sourceTree</key>
			<string>BUILT_PRODUCTS_DIR</string>
		</dict>
	</dict>
	<key>rootObject</key>
	<string>55C1BBF9190D95EA00F2A760</string>
</dict>
</plist>
