// !$*UTF8*$!
{
	archiveVersion = 1;
	classes = {
	};
	objectVersion = 46;
	objects = {

/* Begin PBXBuildFile section */
		55C1BC05190D95EA00F2A760 /* Foundation.framework in Frameworks */ = {isa = PBXBuildFile; fileRef = 55C1BC04190D95EA00F2A760 /* Foundation.framework */; };
		55C1BC07190D95EA00F2A760 /* CoreGraphics.framework in Frameworks */ = {isa = PBXBuildFile; fileRef = 55C1BC06190D95EA00F2A760 /* CoreGraphics.framework */; };
		55C1BC09190D95EA00F2A760 /* UIKit.framework in Frameworks */ = {isa = PBXBuildFile; fileRef = 55C1BC08190D95EA00F2A760 /* UIKit.framework */; };
		55C1BC0F190D95EA00F2A760 /* InfoPlist.strings in Resources */ = {isa = PBXBuildFile; fileRef = 55C1BC0D190D95EA00F2A760 /* InfoPlist.strings */; };
		55C1BC11190D95EA00F2A760 /* main.m in Sources */ = {isa = PBXBuildFile; fileRef = 55C1BC10190D95EA00F2A760 /* main.m */; };
		55C1BC15190D95EA00F2A760 /* AppDelegate.m in Sources */ = {isa = PBXBuildFile; fileRef = 55C1BC14190D95EA00F2A760 /* AppDelegate.m */; };
		55C1BC17190D95EA00F2A760 /* Images.xcassets in Resources */ = {isa = PBXBuildFile; fileRef = 55C1BC16190D95EA00F2A760 /* Images.xcassets */; };
		55C1BC3C190E853600F2A760 /* MeshViewController.m in Sources */ = {isa = PBXBuildFile; fileRef = 55C1BC3A190E853600F2A760 /* MeshViewController.m */; };
		55C1BC3D190E853600F2A760 /* MeshViewController.xib in Resources */ = {isa = PBXBuildFile; fileRef = 55C1BC3B190E853600F2A760 /* MeshViewController.xib */; };
		55F8EB291929382E00CDC743 /* AnyMesh.m in Sources */ = {isa = PBXBuildFile; fileRef = 55F8EB191929382E00CDC743 /* AnyMesh.m */; };
		55F8EB2A1929382E00CDC743 /* GCDAsyncSocket.m in Sources */ = {isa = PBXBuildFile; fileRef = 55F8EB1C1929382E00CDC743 /* GCDAsyncSocket.m */; };
		55F8EB2B1929382E00CDC743 /* GCDAsyncUdpSocket.m in Sources */ = {isa = PBXBuildFile; fileRef = 55F8EB1E1929382E00CDC743 /* GCDAsyncUdpSocket.m */; };
		55F8EB2C1929382E00CDC743 /* MeshDeviceInfo.m in Sources */ = {isa = PBXBuildFile; fileRef = 55F8EB201929382E00CDC743 /* MeshDeviceInfo.m */; };
		55F8EB2D1929382E00CDC743 /* MeshMessage.m in Sources */ = {isa = PBXBuildFile; fileRef = 55F8EB221929382E00CDC743 /* MeshMessage.m */; };
		55F8EB2E1929382E00CDC743 /* MeshTCPHandler.m in Sources */ = {isa = PBXBuildFile; fileRef = 55F8EB241929382E00CDC743 /* MeshTCPHandler.m */; };
		55F8EB2F1929382E00CDC743 /* MeshUDPHandler.m in Sources */ = {isa = PBXBuildFile; fileRef = 55F8EB261929382E00CDC743 /* MeshUDPHandler.m */; };
		55F8EB301929382E00CDC743 /* NSData+lineReturn.m in Sources */ = {isa = PBXBuildFile; fileRef = 55F8EB281929382E00CDC743 /* NSData+lineReturn.m */; };
		5822D11F194223EF00F8A383 /* SetupView.m in Sources */ = {isa = PBXBuildFile; fileRef = 5822D11E194223EF00F8A383 /* SetupView.m */; };
		5822D1211942240600F8A383 /* SetupView.xib in Resources */ = {isa = PBXBuildFile; fileRef = 5822D1201942240600F8A383 /* SetupView.xib */; };
		5822D18419422D2000F8A383 /* UIView+AutoLayout.m in Sources */ = {isa = PBXBuildFile; fileRef = 5822D18319422D2000F8A383 /* UIView+AutoLayout.m */; };
/* End PBXBuildFile section */

/* Begin PBXFileReference section */
		55C1BC01190D95EA00F2A760 /* anyMesh.app */ = {isa = PBXFileReference; explicitFileType = wrapper.application; includeInIndex = 0; path = anyMesh.app; sourceTree = BUILT_PRODUCTS_DIR; };
		55C1BC04190D95EA00F2A760 /* Foundation.framework */ = {isa = PBXFileReference; lastKnownFileType = wrapper.framework; name = Foundation.framework; path = System/Library/Frameworks/Foundation.framework; sourceTree = SDKROOT; };
		55C1BC06190D95EA00F2A760 /* CoreGraphics.framework */ = {isa = PBXFileReference; lastKnownFileType = wrapper.framework; name = CoreGraphics.framework; path = System/Library/Frameworks/CoreGraphics.framework; sourceTree = SDKROOT; };
		55C1BC08190D95EA00F2A760 /* UIKit.framework */ = {isa = PBXFileReference; lastKnownFileType = wrapper.framework; name = UIKit.framework; path = System/Library/Frameworks/UIKit.framework; sourceTree = SDKROOT; };
		55C1BC0C190D95EA00F2A760 /* anyMesh-Info.plist */ = {isa = PBXFileReference; lastKnownFileType = text.plist.xml; path = "anyMesh-Info.plist"; sourceTree = "<group>"; };
		55C1BC0E190D95EA00F2A760 /* en */ = {isa = PBXFileReference; lastKnownFileType = text.plist.strings; name = en; path = en.lproj/InfoPlist.strings; sourceTree = "<group>"; };
		55C1BC10190D95EA00F2A760 /* main.m */ = {isa = PBXFileReference; lastKnownFileType = sourcecode.c.objc; path = main.m; sourceTree = "<group>"; };
		55C1BC12190D95EA00F2A760 /* anyMesh-Prefix.pch */ = {isa = PBXFileReference; lastKnownFileType = sourcecode.c.h; path = "anyMesh-Prefix.pch"; sourceTree = "<group>"; };
		55C1BC13190D95EA00F2A760 /* AppDelegate.h */ = {isa = PBXFileReference; lastKnownFileType = sourcecode.c.h; path = AppDelegate.h; sourceTree = "<group>"; };
		55C1BC14190D95EA00F2A760 /* AppDelegate.m */ = {isa = PBXFileReference; lastKnownFileType = sourcecode.c.objc; path = AppDelegate.m; sourceTree = "<group>"; };
		55C1BC16190D95EA00F2A760 /* Images.xcassets */ = {isa = PBXFileReference; lastKnownFileType = folder.assetcatalog; path = Images.xcassets; sourceTree = "<group>"; };
		55C1BC1D190D95EB00F2A760 /* XCTest.framework */ = {isa = PBXFileReference; lastKnownFileType = wrapper.framework; name = XCTest.framework; path = Library/Frameworks/XCTest.framework; sourceTree = DEVELOPER_DIR; };
		55C1BC39190E853600F2A760 /* MeshViewController.h */ = {isa = PBXFileReference; fileEncoding = 4; lastKnownFileType = sourcecode.c.h; path = MeshViewController.h; sourceTree = "<group>"; };
		55C1BC3A190E853600F2A760 /* MeshViewController.m */ = {isa = PBXFileReference; fileEncoding = 4; lastKnownFileType = sourcecode.c.objc; path = MeshViewController.m; sourceTree = "<group>"; };
		55C1BC3B190E853600F2A760 /* MeshViewController.xib */ = {isa = PBXFileReference; fileEncoding = 4; lastKnownFileType = file.xib; path = MeshViewController.xib; sourceTree = "<group>"; };
		55F8EB181929382E00CDC743 /* AnyMesh.h */ = {isa = PBXFileReference; fileEncoding = 4; lastKnownFileType = sourcecode.c.h; name = AnyMesh.h; path = ../../lib/AnyMesh.h; sourceTree = "<group>"; };
		55F8EB191929382E00CDC743 /* AnyMesh.m */ = {isa = PBXFileReference; fileEncoding = 4; lastKnownFileType = sourcecode.c.objc; name = AnyMesh.m; path = ../../lib/AnyMesh.m; sourceTree = "<group>"; };
		55F8EB1B1929382E00CDC743 /* GCDAsyncSocket.h */ = {isa = PBXFileReference; fileEncoding = 4; lastKnownFileType = sourcecode.c.h; path = GCDAsyncSocket.h; sourceTree = "<group>"; };
		55F8EB1C1929382E00CDC743 /* GCDAsyncSocket.m */ = {isa = PBXFileReference; fileEncoding = 4; lastKnownFileType = sourcecode.c.objc; path = GCDAsyncSocket.m; sourceTree = "<group>"; };
		55F8EB1D1929382E00CDC743 /* GCDAsyncUdpSocket.h */ = {isa = PBXFileReference; fileEncoding = 4; lastKnownFileType = sourcecode.c.h; path = GCDAsyncUdpSocket.h; sourceTree = "<group>"; };
		55F8EB1E1929382E00CDC743 /* GCDAsyncUdpSocket.m */ = {isa = PBXFileReference; fileEncoding = 4; lastKnownFileType = sourcecode.c.objc; path = GCDAsyncUdpSocket.m; sourceTree = "<group>"; };
		55F8EB1F1929382E00CDC743 /* MeshDeviceInfo.h */ = {isa = PBXFileReference; fileEncoding = 4; lastKnownFileType = sourcecode.c.h; name = MeshDeviceInfo.h; path = ../../lib/MeshDeviceInfo.h; sourceTree = "<group>"; };
		55F8EB201929382E00CDC743 /* MeshDeviceInfo.m */ = {isa = PBXFileReference; fileEncoding = 4; lastKnownFileType = sourcecode.c.objc; name = MeshDeviceInfo.m; path = ../../lib/MeshDeviceInfo.m; sourceTree = "<group>"; };
		55F8EB211929382E00CDC743 /* MeshMessage.h */ = {isa = PBXFileReference; fileEncoding = 4; lastKnownFileType = sourcecode.c.h; name = MeshMessage.h; path = ../../lib/MeshMessage.h; sourceTree = "<group>"; };
		55F8EB221929382E00CDC743 /* MeshMessage.m */ = {isa = PBXFileReference; fileEncoding = 4; lastKnownFileType = sourcecode.c.objc; name = MeshMessage.m; path = ../../lib/MeshMessage.m; sourceTree = "<group>"; };
		55F8EB231929382E00CDC743 /* MeshTCPHandler.h */ = {isa = PBXFileReference; fileEncoding = 4; lastKnownFileType = sourcecode.c.h; name = MeshTCPHandler.h; path = ../../lib/MeshTCPHandler.h; sourceTree = "<group>"; };
		55F8EB241929382E00CDC743 /* MeshTCPHandler.m */ = {isa = PBXFileReference; fileEncoding = 4; lastKnownFileType = sourcecode.c.objc; name = MeshTCPHandler.m; path = ../../lib/MeshTCPHandler.m; sourceTree = "<group>"; };
		55F8EB251929382E00CDC743 /* MeshUDPHandler.h */ = {isa = PBXFileReference; fileEncoding = 4; lastKnownFileType = sourcecode.c.h; name = MeshUDPHandler.h; path = ../../lib/MeshUDPHandler.h; sourceTree = "<group>"; };
		55F8EB261929382E00CDC743 /* MeshUDPHandler.m */ = {isa = PBXFileReference; fileEncoding = 4; lastKnownFileType = sourcecode.c.objc; name = MeshUDPHandler.m; path = ../../lib/MeshUDPHandler.m; sourceTree = "<group>"; };
		55F8EB271929382E00CDC743 /* NSData+lineReturn.h */ = {isa = PBXFileReference; fileEncoding = 4; lastKnownFileType = sourcecode.c.h; name = "NSData+lineReturn.h"; path = "../../lib/NSData+lineReturn.h"; sourceTree = "<group>"; };
		55F8EB281929382E00CDC743 /* NSData+lineReturn.m */ = {isa = PBXFileReference; fileEncoding = 4; lastKnownFileType = sourcecode.c.objc; name = "NSData+lineReturn.m"; path = "../../lib/NSData+lineReturn.m"; sourceTree = "<group>"; };
		5822D11D194223EF00F8A383 /* SetupView.h */ = {isa = PBXFileReference; fileEncoding = 4; lastKnownFileType = sourcecode.c.h; path = SetupView.h; sourceTree = "<group>"; };
		5822D11E194223EF00F8A383 /* SetupView.m */ = {isa = PBXFileReference; fileEncoding = 4; lastKnownFileType = sourcecode.c.objc; path = SetupView.m; sourceTree = "<group>"; };
		5822D1201942240600F8A383 /* SetupView.xib */ = {isa = PBXFileReference; fileEncoding = 4; lastKnownFileType = file.xib; path = SetupView.xib; sourceTree = "<group>"; };
		5822D18219422D2000F8A383 /* UIView+AutoLayout.h */ = {isa = PBXFileReference; fileEncoding = 4; lastKnownFileType = sourcecode.c.h; path = "UIView+AutoLayout.h"; sourceTree = "<group>"; };
		5822D18319422D2000F8A383 /* UIView+AutoLayout.m */ = {isa = PBXFileReference; fileEncoding = 4; lastKnownFileType = sourcecode.c.objc; path = "UIView+AutoLayout.m"; sourceTree = "<group>"; };
/* End PBXFileReference section */

/* Begin PBXFrameworksBuildPhase section */
		55C1BBFE190D95EA00F2A760 /* Frameworks */ = {
			isa = PBXFrameworksBuildPhase;
			buildActionMask = 2147483647;
			files = (
				55C1BC07190D95EA00F2A760 /* CoreGraphics.framework in Frameworks */,
				55C1BC09190D95EA00F2A760 /* UIKit.framework in Frameworks */,
				55C1BC05190D95EA00F2A760 /* Foundation.framework in Frameworks */,
			);
			runOnlyForDeploymentPostprocessing = 0;
		};
/* End PBXFrameworksBuildPhase section */

/* Begin PBXGroup section */
		55A17A031917168800FCD8EA /* AnyMesh */ = {
			isa = PBXGroup;
			children = (
				55F8EB181929382E00CDC743 /* AnyMesh.h */,
				55F8EB191929382E00CDC743 /* AnyMesh.m */,
				55F8EB1A1929382E00CDC743 /* CocoaAsyncSocket */,
				55F8EB1F1929382E00CDC743 /* MeshDeviceInfo.h */,
				55F8EB201929382E00CDC743 /* MeshDeviceInfo.m */,
				55F8EB211929382E00CDC743 /* MeshMessage.h */,
				55F8EB221929382E00CDC743 /* MeshMessage.m */,
				55F8EB231929382E00CDC743 /* MeshTCPHandler.h */,
				55F8EB241929382E00CDC743 /* MeshTCPHandler.m */,
				55F8EB251929382E00CDC743 /* MeshUDPHandler.h */,
				55F8EB261929382E00CDC743 /* MeshUDPHandler.m */,
				55F8EB271929382E00CDC743 /* NSData+lineReturn.h */,
				55F8EB281929382E00CDC743 /* NSData+lineReturn.m */,
			);
			name = AnyMesh;
			sourceTree = "<group>";
		};
		55C1BBF8190D95EA00F2A760 = {
			isa = PBXGroup;
			children = (
				55C1BC0A190D95EA00F2A760 /* anyMesh */,
				55C1BC03190D95EA00F2A760 /* Frameworks */,
				55C1BC02190D95EA00F2A760 /* Products */,
			);
			sourceTree = "<group>";
		};
		55C1BC02190D95EA00F2A760 /* Products */ = {
			isa = PBXGroup;
			children = (
				55C1BC01190D95EA00F2A760 /* anyMesh.app */,
			);
			name = Products;
			sourceTree = "<group>";
		};
		55C1BC03190D95EA00F2A760 /* Frameworks */ = {
			isa = PBXGroup;
			children = (
				55C1BC04190D95EA00F2A760 /* Foundation.framework */,
				55C1BC06190D95EA00F2A760 /* CoreGraphics.framework */,
				55C1BC08190D95EA00F2A760 /* UIKit.framework */,
				55C1BC1D190D95EB00F2A760 /* XCTest.framework */,
			);
			name = Frameworks;
			sourceTree = "<group>";
		};
		55C1BC0A190D95EA00F2A760 /* anyMesh */ = {
			isa = PBXGroup;
			children = (
				55C1BC13190D95EA00F2A760 /* AppDelegate.h */,
				55C1BC14190D95EA00F2A760 /* AppDelegate.m */,
				55A17A031917168800FCD8EA /* AnyMesh */,
				55C1BC16190D95EA00F2A760 /* Images.xcassets */,
				55C1BC0B190D95EA00F2A760 /* Supporting Files */,
				55C1BC39190E853600F2A760 /* MeshViewController.h */,
				55C1BC3A190E853600F2A760 /* MeshViewController.m */,
				55C1BC3B190E853600F2A760 /* MeshViewController.xib */,
				5822D11D194223EF00F8A383 /* SetupView.h */,
				5822D11E194223EF00F8A383 /* SetupView.m */,
				5822D1201942240600F8A383 /* SetupView.xib */,
			);
			path = anyMesh;
			sourceTree = "<group>";
		};
		55C1BC0B190D95EA00F2A760 /* Supporting Files */ = {
			isa = PBXGroup;
			children = (
				55C1BC0C190D95EA00F2A760 /* anyMesh-Info.plist */,
				55C1BC0D190D95EA00F2A760 /* InfoPlist.strings */,
				55C1BC10190D95EA00F2A760 /* main.m */,
				55C1BC12190D95EA00F2A760 /* anyMesh-Prefix.pch */,
				5822D18219422D2000F8A383 /* UIView+AutoLayout.h */,
				5822D18319422D2000F8A383 /* UIView+AutoLayout.m */,
			);
			name = "Supporting Files";
			sourceTree = "<group>";
		};
		55F8EB1A1929382E00CDC743 /* CocoaAsyncSocket */ = {
			isa = PBXGroup;
			children = (
				55F8EB1B1929382E00CDC743 /* GCDAsyncSocket.h */,
				55F8EB1C1929382E00CDC743 /* GCDAsyncSocket.m */,
				55F8EB1D1929382E00CDC743 /* GCDAsyncUdpSocket.h */,
				55F8EB1E1929382E00CDC743 /* GCDAsyncUdpSocket.m */,
			);
			name = CocoaAsyncSocket;
			path = ../../lib/CocoaAsyncSocket;
			sourceTree = "<group>";
		};
/* End PBXGroup section */

/* Begin PBXNativeTarget section */
		55C1BC00190D95EA00F2A760 /* anyMesh */ = {
			isa = PBXNativeTarget;
			buildConfigurationList = 55C1BC2D190D95EB00F2A760 /* Build configuration list for PBXNativeTarget "anyMesh" */;
			buildPhases = (
				55C1BBFD190D95EA00F2A760 /* Sources */,
				55C1BBFE190D95EA00F2A760 /* Frameworks */,
				55C1BBFF190D95EA00F2A760 /* Resources */,
			);
			buildRules = (
			);
			dependencies = (
			);
			name = anyMesh;
			productName = anyMesh;
			productReference = 55C1BC01190D95EA00F2A760 /* anyMesh.app */;
			productType = "com.apple.product-type.application";
		};
/* End PBXNativeTarget section */

/* Begin PBXProject section */
		55C1BBF9190D95EA00F2A760 /* Project object */ = {
			isa = PBXProject;
			attributes = {
				LastUpgradeCheck = 0510;
				ORGANIZATIONNAME = dpTools;
			};
			buildConfigurationList = 55C1BBFC190D95EA00F2A760 /* Build configuration list for PBXProject "anyMesh" */;
			compatibilityVersion = "Xcode 3.2";
			developmentRegion = English;
			hasScannedForEncodings = 0;
			knownRegions = (
				en,
				ar,
			);
			mainGroup = 55C1BBF8190D95EA00F2A760;
			productRefGroup = 55C1BC02190D95EA00F2A760 /* Products */;
			projectDirPath = "";
			projectRoot = "";
			targets = (
				55C1BC00190D95EA00F2A760 /* anyMesh */,
			);
		};
/* End PBXProject section */

/* Begin PBXResourcesBuildPhase section */
		55C1BBFF190D95EA00F2A760 /* Resources */ = {
			isa = PBXResourcesBuildPhase;
			buildActionMask = 2147483647;
			files = (
				5822D1211942240600F8A383 /* SetupView.xib in Resources */,
				55C1BC0F190D95EA00F2A760 /* InfoPlist.strings in Resources */,
				55C1BC17190D95EA00F2A760 /* Images.xcassets in Resources */,
				55C1BC3D190E853600F2A760 /* MeshViewController.xib in Resources */,
			);
			runOnlyForDeploymentPostprocessing = 0;
		};
/* End PBXResourcesBuildPhase section */

/* Begin PBXSourcesBuildPhase section */
		55C1BBFD190D95EA00F2A760 /* Sources */ = {
			isa = PBXSourcesBuildPhase;
			buildActionMask = 2147483647;
			files = (
				5822D11F194223EF00F8A383 /* SetupView.m in Sources */,
				55C1BC15190D95EA00F2A760 /* AppDelegate.m in Sources */,
				55F8EB2D1929382E00CDC743 /* MeshMessage.m in Sources */,
				55F8EB2E1929382E00CDC743 /* MeshTCPHandler.m in Sources */,
				55F8EB2C1929382E00CDC743 /* MeshDeviceInfo.m in Sources */,
				5822D18419422D2000F8A383 /* UIView+AutoLayout.m in Sources */,
				55F8EB291929382E00CDC743 /* AnyMesh.m in Sources */,
				55F8EB2B1929382E00CDC743 /* GCDAsyncUdpSocket.m in Sources */,
				55C1BC11190D95EA00F2A760 /* main.m in Sources */,
				55F8EB301929382E00CDC743 /* NSData+lineReturn.m in Sources */,
				55F8EB2A1929382E00CDC743 /* GCDAsyncSocket.m in Sources */,
				55C1BC3C190E853600F2A760 /* MeshViewController.m in Sources */,
				55F8EB2F1929382E00CDC743 /* MeshUDPHandler.m in Sources */,
			);
			runOnlyForDeploymentPostprocessing = 0;
		};
/* End PBXSourcesBuildPhase section */

/* Begin PBXVariantGroup section */
		55C1BC0D190D95EA00F2A760 /* InfoPlist.strings */ = {
			isa = PBXVariantGroup;
			children = (
				55C1BC0E190D95EA00F2A760 /* en */,
			);
			name = InfoPlist.strings;
			sourceTree = "<group>";
		};
/* End PBXVariantGroup section */

/* Begin XCBuildConfiguration section */
		55C1BC2B190D95EB00F2A760 /* Debug */ = {
			isa = XCBuildConfiguration;
			buildSettings = {
				ALWAYS_SEARCH_USER_PATHS = NO;
				CLANG_CXX_LANGUAGE_STANDARD = "gnu++0x";
				CLANG_CXX_LIBRARY = "libc++";
				CLANG_ENABLE_MODULES = YES;
				CLANG_ENABLE_OBJC_ARC = YES;
				CLANG_WARN_BOOL_CONVERSION = YES;
				CLANG_WARN_CONSTANT_CONVERSION = YES;
				CLANG_WARN_DIRECT_OBJC_ISA_USAGE = YES_ERROR;
				CLANG_WARN_EMPTY_BODY = YES;
				CLANG_WARN_ENUM_CONVERSION = YES;
				CLANG_WARN_INT_CONVERSION = YES;
				CLANG_WARN_OBJC_ROOT_CLASS = YES_ERROR;
				CLANG_WARN__DUPLICATE_METHOD_MATCH = YES;
				"CODE_SIGN_IDENTITY[sdk=iphoneos*]" = "iPhone Developer";
				COPY_PHASE_STRIP = NO;
				GCC_C_LANGUAGE_STANDARD = gnu99;
				GCC_DYNAMIC_NO_PIC = NO;
				GCC_OPTIMIZATION_LEVEL = 0;
				GCC_PREPROCESSOR_DEFINITIONS = (
					"DEBUG=1",
					"$(inherited)",
				);
				GCC_SYMBOLS_PRIVATE_EXTERN = NO;
				GCC_WARN_64_TO_32_BIT_CONVERSION = YES;
				GCC_WARN_ABOUT_RETURN_TYPE = YES_ERROR;
				GCC_WARN_UNDECLARED_SELECTOR = YES;
				GCC_WARN_UNINITIALIZED_AUTOS = YES_AGGRESSIVE;
				GCC_WARN_UNUSED_FUNCTION = YES;
				GCC_WARN_UNUSED_VARIABLE = YES;
				IPHONEOS_DEPLOYMENT_TARGET = 7.1;
				ONLY_ACTIVE_ARCH = YES;
				SDKROOT = iphoneos;
				TARGETED_DEVICE_FAMILY = "1,2";
			};
			name = Debug;
		};
		55C1BC2C190D95EB00F2A760 /* Release */ = {
			isa = XCBuildConfiguration;
			buildSettings = {
				ALWAYS_SEARCH_USER_PATHS = NO;
				CLANG_CXX_LANGUAGE_STANDARD = "gnu++0x";
				CLANG_CXX_LIBRARY = "libc++";
				CLANG_ENABLE_MODULES = YES;
				CLANG_ENABLE_OBJC_ARC = YES;
				CLANG_WARN_BOOL_CONVERSION = YES;
				CLANG_WARN_CONSTANT_CONVERSION = YES;
				CLANG_WARN_DIRECT_OBJC_ISA_USAGE = YES_ERROR;
				CLANG_WARN_EMPTY_BODY = YES;
				CLANG_WARN_ENUM_CONVERSION = YES;
				CLANG_WARN_INT_CONVERSION = YES;
				CLANG_WARN_OBJC_ROOT_CLASS = YES_ERROR;
				CLANG_WARN__DUPLICATE_METHOD_MATCH = YES;
				"CODE_SIGN_IDENTITY[sdk=iphoneos*]" = "iPhone Developer";
				COPY_PHASE_STRIP = YES;
				ENABLE_NS_ASSERTIONS = NO;
				GCC_C_LANGUAGE_STANDARD = gnu99;
				GCC_WARN_64_TO_32_BIT_CONVERSION = YES;
				GCC_WARN_ABOUT_RETURN_TYPE = YES_ERROR;
				GCC_WARN_UNDECLARED_SELECTOR = YES;
				GCC_WARN_UNINITIALIZED_AUTOS = YES_AGGRESSIVE;
				GCC_WARN_UNUSED_FUNCTION = YES;
				GCC_WARN_UNUSED_VARIABLE = YES;
				IPHONEOS_DEPLOYMENT_TARGET = 7.1;
				SDKROOT = iphoneos;
				TARGETED_DEVICE_FAMILY = "1,2";
				VALIDATE_PRODUCT = YES;
			};
			name = Release;
		};
		55C1BC2E190D95EB00F2A760 /* Debug */ = {
			isa = XCBuildConfiguration;
			buildSettings = {
				ASSETCATALOG_COMPILER_APPICON_NAME = AppIcon;
				ASSETCATALOG_COMPILER_LAUNCHIMAGE_NAME = LaunchImage;
				GCC_PRECOMPILE_PREFIX_HEADER = YES;
				GCC_PREFIX_HEADER = "anyMesh/anyMesh-Prefix.pch";
				INFOPLIST_FILE = "anyMesh/anyMesh-Info.plist";
				PRODUCT_NAME = "$(TARGET_NAME)";
				WRAPPER_EXTENSION = app;
			};
			name = Debug;
		};
		55C1BC2F190D95EB00F2A760 /* Release */ = {
			isa = XCBuildConfiguration;
			buildSettings = {
				ASSETCATALOG_COMPILER_APPICON_NAME = AppIcon;
				ASSETCATALOG_COMPILER_LAUNCHIMAGE_NAME = LaunchImage;
				GCC_PRECOMPILE_PREFIX_HEADER = YES;
				GCC_PREFIX_HEADER = "anyMesh/anyMesh-Prefix.pch";
				INFOPLIST_FILE = "anyMesh/anyMesh-Info.plist";
				PRODUCT_NAME = "$(TARGET_NAME)";
				WRAPPER_EXTENSION = app;
			};
			name = Release;
		};
/* End XCBuildConfiguration section */

/* Begin XCConfigurationList section */
		55C1BBFC190D95EA00F2A760 /* Build configuration list for PBXProject "anyMesh" */ = {
			isa = XCConfigurationList;
			buildConfigurations = (
				55C1BC2B190D95EB00F2A760 /* Debug */,
				55C1BC2C190D95EB00F2A760 /* Release */,
			);
			defaultConfigurationIsVisible = 0;
			defaultConfigurationName = Release;
		};
		55C1BC2D190D95EB00F2A760 /* Build configuration list for PBXNativeTarget "anyMesh" */ = {
			isa = XCConfigurationList;
			buildConfigurations = (
				55C1BC2E190D95EB00F2A760 /* Debug */,
				55C1BC2F190D95EB00F2A760 /* Release */,
			);
			defaultConfigurationIsVisible = 0;
			defaultConfigurationName = Release;
		};
/* End XCConfigurationList section */
	};
	rootObject = 55C1BBF9190D95EA00F2A760 /* Project object */;
}
