PODS:
  - AGAsyncTestHelper/Core (1.0)
  - AGAsyncTestHelper/Shorthand (1.0):
    - AGAsyncTestHelper/Core
  - AnyMesh (0.3.0):
    - CocoaAsyncSocket (~> 7.3.0)
  - CocoaAsyncSocket (7.3.5)

DEPENDENCIES:
  - AGAsyncTestHelper/Shorthand
  - AnyMesh (from `../`)

EXTERNAL SOURCES:
  AnyMesh:
    :path: ../

SPEC CHECKSUMS:
  AGAsyncTestHelper: fc9d44460933d8167ae431f466ab3a09a5121582
  AnyMesh: adb86b47948dd4c2a65ca113a1d746f56084b8ff
  CocoaAsyncSocket: 45bdbbc1c0a5ed0640ff4c42af325ba43a2f099a

COCOAPODS: 0.33.1
